// !$*UTF8*$!
{
	archiveVersion = 1;
	classes = {
	};
	objectVersion = 46;
	objects = {

/* Begin PBXBuildFile section */
		213975321BCAF975000A4419 /* AppDelegate.swift in Sources */ = {isa = PBXBuildFile; fileRef = 213975311BCAF975000A4419 /* AppDelegate.swift */; };
		213975371BCAF975000A4419 /* Main.storyboard in Resources */ = {isa = PBXBuildFile; fileRef = 213975351BCAF975000A4419 /* Main.storyboard */; };
		2139753A1BCAF975000A4419 /* Pace.xcdatamodeld in Sources */ = {isa = PBXBuildFile; fileRef = 213975381BCAF975000A4419 /* Pace.xcdatamodeld */; };
		2139753C1BCAF975000A4419 /* Assets.xcassets in Resources */ = {isa = PBXBuildFile; fileRef = 2139753B1BCAF975000A4419 /* Assets.xcassets */; };
		2139753F1BCAF975000A4419 /* LaunchScreen.storyboard in Resources */ = {isa = PBXBuildFile; fileRef = 2139753D1BCAF975000A4419 /* LaunchScreen.storyboard */; };
		2139754A1BCAF976000A4419 /* PaceTests.swift in Sources */ = {isa = PBXBuildFile; fileRef = 213975491BCAF976000A4419 /* PaceTests.swift */; };
		213975551BCAF976000A4419 /* PaceUITests.swift in Sources */ = {isa = PBXBuildFile; fileRef = 213975541BCAF976000A4419 /* PaceUITests.swift */; };
		213975631BCC3883000A4419 /* LocationManager.swift in Sources */ = {isa = PBXBuildFile; fileRef = 213975621BCC3883000A4419 /* LocationManager.swift */; };
		214152C31BDD673B00B999CF /* Interface.storyboard in Resources */ = {isa = PBXBuildFile; fileRef = 214152C11BDD673B00B999CF /* Interface.storyboard */; };
		214152C51BDD673B00B999CF /* Assets.xcassets in Resources */ = {isa = PBXBuildFile; fileRef = 214152C41BDD673B00B999CF /* Assets.xcassets */; };
		214152CC1BDD673B00B999CF /* Watch Extension.appex in Embed App Extensions */ = {isa = PBXBuildFile; fileRef = 214152CB1BDD673B00B999CF /* Watch Extension.appex */; settings = {ATTRIBUTES = (RemoveHeadersOnCopy, ); }; };
		214152D11BDD673B00B999CF /* InterfaceController.swift in Sources */ = {isa = PBXBuildFile; fileRef = 214152D01BDD673B00B999CF /* InterfaceController.swift */; };
		214152D31BDD673B00B999CF /* ExtensionDelegate.swift in Sources */ = {isa = PBXBuildFile; fileRef = 214152D21BDD673B00B999CF /* ExtensionDelegate.swift */; };
		214152D51BDD673B00B999CF /* Assets.xcassets in Resources */ = {isa = PBXBuildFile; fileRef = 214152D41BDD673B00B999CF /* Assets.xcassets */; };
		214152D91BDD673B00B999CF /* Watch.app in Embed Watch Content */ = {isa = PBXBuildFile; fileRef = 214152BF1BDD673B00B999CF /* Watch.app */; };
		218E69561BCD67CD00665BFB /* InitialTableViewController.swift in Sources */ = {isa = PBXBuildFile; fileRef = 218E69551BCD67CD00665BFB /* InitialTableViewController.swift */; };
		21D957C81BE284AD00636535 /* ActivityPaceBandTableViewController.swift in Sources */ = {isa = PBXBuildFile; fileRef = 21D957C71BE284AD00636535 /* ActivityPaceBandTableViewController.swift */; };
		21D957CA1BE284DD00636535 /* ActivityDetailViewController.swift in Sources */ = {isa = PBXBuildFile; fileRef = 21D957C91BE284DD00636535 /* ActivityDetailViewController.swift */; };
		21EFB1811BCEC1E600620590 /* ActivityViewController.swift in Sources */ = {isa = PBXBuildFile; fileRef = 21EFB1801BCEC1E600620590 /* ActivityViewController.swift */; };
/* End PBXBuildFile section */

/* Begin PBXContainerItemProxy section */
		213975461BCAF976000A4419 /* PBXContainerItemProxy */ = {
			isa = PBXContainerItemProxy;
			containerPortal = 213975261BCAF975000A4419 /* Project object */;
			proxyType = 1;
			remoteGlobalIDString = 2139752D1BCAF975000A4419;
			remoteInfo = Pace;
		};
		213975511BCAF976000A4419 /* PBXContainerItemProxy */ = {
			isa = PBXContainerItemProxy;
			containerPortal = 213975261BCAF975000A4419 /* Project object */;
			proxyType = 1;
			remoteGlobalIDString = 2139752D1BCAF975000A4419;
			remoteInfo = Pace;
		};
		214152CD1BDD673B00B999CF /* PBXContainerItemProxy */ = {
			isa = PBXContainerItemProxy;
			containerPortal = 213975261BCAF975000A4419 /* Project object */;
			proxyType = 1;
			remoteGlobalIDString = 214152CA1BDD673B00B999CF;
			remoteInfo = "Watch Extension";
		};
		214152D71BDD673B00B999CF /* PBXContainerItemProxy */ = {
			isa = PBXContainerItemProxy;
			containerPortal = 213975261BCAF975000A4419 /* Project object */;
			proxyType = 1;
			remoteGlobalIDString = 214152BE1BDD673B00B999CF;
			remoteInfo = Watch;
		};
/* End PBXContainerItemProxy section */

/* Begin PBXCopyFilesBuildPhase section */
		214152DF1BDD673B00B999CF /* Embed App Extensions */ = {
			isa = PBXCopyFilesBuildPhase;
			buildActionMask = 2147483647;
			dstPath = "";
			dstSubfolderSpec = 13;
			files = (
				214152CC1BDD673B00B999CF /* Watch Extension.appex in Embed App Extensions */,
			);
			name = "Embed App Extensions";
			runOnlyForDeploymentPostprocessing = 0;
		};
		214152E11BDD673B00B999CF /* Embed Watch Content */ = {
			isa = PBXCopyFilesBuildPhase;
			buildActionMask = 2147483647;
			dstPath = "$(CONTENTS_FOLDER_PATH)/Watch";
			dstSubfolderSpec = 16;
			files = (
				214152D91BDD673B00B999CF /* Watch.app in Embed Watch Content */,
			);
			name = "Embed Watch Content";
			runOnlyForDeploymentPostprocessing = 0;
		};
/* End PBXCopyFilesBuildPhase section */

/* Begin PBXFileReference section */
		2139752E1BCAF975000A4419 /* Pace.app */ = {isa = PBXFileReference; explicitFileType = wrapper.application; includeInIndex = 0; path = Pace.app; sourceTree = BUILT_PRODUCTS_DIR; };
		213975311BCAF975000A4419 /* AppDelegate.swift */ = {isa = PBXFileReference; lastKnownFileType = sourcecode.swift; path = AppDelegate.swift; sourceTree = "<group>"; };
		213975361BCAF975000A4419 /* Base */ = {isa = PBXFileReference; lastKnownFileType = file.storyboard; name = Base; path = Base.lproj/Main.storyboard; sourceTree = "<group>"; };
		213975391BCAF975000A4419 /* Pace.xcdatamodel */ = {isa = PBXFileReference; lastKnownFileType = wrapper.xcdatamodel; path = Pace.xcdatamodel; sourceTree = "<group>"; };
		2139753B1BCAF975000A4419 /* Assets.xcassets */ = {isa = PBXFileReference; lastKnownFileType = folder.assetcatalog; path = Assets.xcassets; sourceTree = "<group>"; };
		2139753E1BCAF975000A4419 /* Base */ = {isa = PBXFileReference; lastKnownFileType = file.storyboard; name = Base; path = Base.lproj/LaunchScreen.storyboard; sourceTree = "<group>"; };
		213975401BCAF975000A4419 /* Info.plist */ = {isa = PBXFileReference; lastKnownFileType = text.plist.xml; path = Info.plist; sourceTree = "<group>"; };
		213975451BCAF976000A4419 /* PaceTests.xctest */ = {isa = PBXFileReference; explicitFileType = wrapper.cfbundle; includeInIndex = 0; path = PaceTests.xctest; sourceTree = BUILT_PRODUCTS_DIR; };
		213975491BCAF976000A4419 /* PaceTests.swift */ = {isa = PBXFileReference; lastKnownFileType = sourcecode.swift; path = PaceTests.swift; sourceTree = "<group>"; };
		2139754B1BCAF976000A4419 /* Info.plist */ = {isa = PBXFileReference; lastKnownFileType = text.plist.xml; path = Info.plist; sourceTree = "<group>"; };
		213975501BCAF976000A4419 /* PaceUITests.xctest */ = {isa = PBXFileReference; explicitFileType = wrapper.cfbundle; includeInIndex = 0; path = PaceUITests.xctest; sourceTree = BUILT_PRODUCTS_DIR; };
		213975541BCAF976000A4419 /* PaceUITests.swift */ = {isa = PBXFileReference; lastKnownFileType = sourcecode.swift; path = PaceUITests.swift; sourceTree = "<group>"; };
		213975561BCAF976000A4419 /* Info.plist */ = {isa = PBXFileReference; lastKnownFileType = text.plist.xml; path = Info.plist; sourceTree = "<group>"; };
		213975621BCC3883000A4419 /* LocationManager.swift */ = {isa = PBXFileReference; fileEncoding = 4; lastKnownFileType = sourcecode.swift; path = LocationManager.swift; sourceTree = "<group>"; };
		214152BF1BDD673B00B999CF /* Watch.app */ = {isa = PBXFileReference; explicitFileType = wrapper.application; includeInIndex = 0; path = Watch.app; sourceTree = BUILT_PRODUCTS_DIR; };
		214152C21BDD673B00B999CF /* Base */ = {isa = PBXFileReference; lastKnownFileType = file.storyboard; name = Base; path = Base.lproj/Interface.storyboard; sourceTree = "<group>"; };
		214152C41BDD673B00B999CF /* Assets.xcassets */ = {isa = PBXFileReference; lastKnownFileType = folder.assetcatalog; path = Assets.xcassets; sourceTree = "<group>"; };
		214152C61BDD673B00B999CF /* Info.plist */ = {isa = PBXFileReference; lastKnownFileType = text.plist.xml; path = Info.plist; sourceTree = "<group>"; };
		214152CB1BDD673B00B999CF /* Watch Extension.appex */ = {isa = PBXFileReference; explicitFileType = "wrapper.app-extension"; includeInIndex = 0; path = "Watch Extension.appex"; sourceTree = BUILT_PRODUCTS_DIR; };
		214152D01BDD673B00B999CF /* InterfaceController.swift */ = {isa = PBXFileReference; lastKnownFileType = sourcecode.swift; path = InterfaceController.swift; sourceTree = "<group>"; };
		214152D21BDD673B00B999CF /* ExtensionDelegate.swift */ = {isa = PBXFileReference; lastKnownFileType = sourcecode.swift; path = ExtensionDelegate.swift; sourceTree = "<group>"; };
		214152D41BDD673B00B999CF /* Assets.xcassets */ = {isa = PBXFileReference; lastKnownFileType = folder.assetcatalog; path = Assets.xcassets; sourceTree = "<group>"; };
		214152D61BDD673B00B999CF /* Info.plist */ = {isa = PBXFileReference; lastKnownFileType = text.plist.xml; path = Info.plist; sourceTree = "<group>"; };
		218E69551BCD67CD00665BFB /* InitialTableViewController.swift */ = {isa = PBXFileReference; fileEncoding = 4; lastKnownFileType = sourcecode.swift; name = InitialTableViewController.swift; path = ../InitialTableViewController.swift; sourceTree = "<group>"; };
		21D957C71BE284AD00636535 /* ActivityPaceBandTableViewController.swift */ = {isa = PBXFileReference; fileEncoding = 4; lastKnownFileType = sourcecode.swift; path = ActivityPaceBandTableViewController.swift; sourceTree = "<group>"; };
		21D957C91BE284DD00636535 /* ActivityDetailViewController.swift */ = {isa = PBXFileReference; fileEncoding = 4; lastKnownFileType = sourcecode.swift; path = ActivityDetailViewController.swift; sourceTree = "<group>"; };
		21EFB1801BCEC1E600620590 /* ActivityViewController.swift */ = {isa = PBXFileReference; fileEncoding = 4; lastKnownFileType = sourcecode.swift; path = ActivityViewController.swift; sourceTree = "<group>"; };
/* End PBXFileReference section */

/* Begin PBXFrameworksBuildPhase section */
		2139752B1BCAF975000A4419 /* Frameworks */ = {
			isa = PBXFrameworksBuildPhase;
			buildActionMask = 2147483647;
			files = (
			);
			runOnlyForDeploymentPostprocessing = 0;
		};
		213975421BCAF976000A4419 /* Frameworks */ = {
			isa = PBXFrameworksBuildPhase;
			buildActionMask = 2147483647;
			files = (
			);
			runOnlyForDeploymentPostprocessing = 0;
		};
		2139754D1BCAF976000A4419 /* Frameworks */ = {
			isa = PBXFrameworksBuildPhase;
			buildActionMask = 2147483647;
			files = (
			);
			runOnlyForDeploymentPostprocessing = 0;
		};
		214152C81BDD673B00B999CF /* Frameworks */ = {
			isa = PBXFrameworksBuildPhase;
			buildActionMask = 2147483647;
			files = (
			);
			runOnlyForDeploymentPostprocessing = 0;
		};
/* End PBXFrameworksBuildPhase section */

/* Begin PBXGroup section */
		213975251BCAF975000A4419 = {
			isa = PBXGroup;
			children = (
				213975301BCAF975000A4419 /* Pace */,
				213975481BCAF976000A4419 /* PaceTests */,
				213975531BCAF976000A4419 /* PaceUITests */,
				214152C01BDD673B00B999CF /* Watch */,
				214152CF1BDD673B00B999CF /* Watch Extension */,
				2139752F1BCAF975000A4419 /* Products */,
			);
			sourceTree = "<group>";
		};
		2139752F1BCAF975000A4419 /* Products */ = {
			isa = PBXGroup;
			children = (
				2139752E1BCAF975000A4419 /* Pace.app */,
				213975451BCAF976000A4419 /* PaceTests.xctest */,
				213975501BCAF976000A4419 /* PaceUITests.xctest */,
				214152BF1BDD673B00B999CF /* Watch.app */,
				214152CB1BDD673B00B999CF /* Watch Extension.appex */,
			);
			name = Products;
			sourceTree = "<group>";
		};
		213975301BCAF975000A4419 /* Pace */ = {
			isa = PBXGroup;
			children = (
				217F662A1BD9350F00459616 /* View controllers */,
				213975311BCAF975000A4419 /* AppDelegate.swift */,
				213975351BCAF975000A4419 /* Main.storyboard */,
				2139753B1BCAF975000A4419 /* Assets.xcassets */,
				2139753D1BCAF975000A4419 /* LaunchScreen.storyboard */,
				213975401BCAF975000A4419 /* Info.plist */,
				213975381BCAF975000A4419 /* Pace.xcdatamodeld */,
				213975621BCC3883000A4419 /* LocationManager.swift */,
			);
			path = Pace;
			sourceTree = "<group>";
		};
		213975481BCAF976000A4419 /* PaceTests */ = {
			isa = PBXGroup;
			children = (
				213975491BCAF976000A4419 /* PaceTests.swift */,
				2139754B1BCAF976000A4419 /* Info.plist */,
			);
			path = PaceTests;
			sourceTree = "<group>";
		};
		213975531BCAF976000A4419 /* PaceUITests */ = {
			isa = PBXGroup;
			children = (
				213975541BCAF976000A4419 /* PaceUITests.swift */,
				213975561BCAF976000A4419 /* Info.plist */,
			);
			path = PaceUITests;
			sourceTree = "<group>";
		};
		214152C01BDD673B00B999CF /* Watch */ = {
			isa = PBXGroup;
			children = (
				214152C11BDD673B00B999CF /* Interface.storyboard */,
				214152C41BDD673B00B999CF /* Assets.xcassets */,
				214152C61BDD673B00B999CF /* Info.plist */,
			);
			path = Watch;
			sourceTree = "<group>";
		};
		214152CF1BDD673B00B999CF /* Watch Extension */ = {
			isa = PBXGroup;
			children = (
				214152D01BDD673B00B999CF /* InterfaceController.swift */,
				214152D21BDD673B00B999CF /* ExtensionDelegate.swift */,
				214152D41BDD673B00B999CF /* Assets.xcassets */,
				214152D61BDD673B00B999CF /* Info.plist */,
			);
			path = "Watch Extension";
			sourceTree = "<group>";
		};
		217F662A1BD9350F00459616 /* View controllers */ = {
			isa = PBXGroup;
			children = (
				218E69551BCD67CD00665BFB /* InitialTableViewController.swift */,
				21EFB1801BCEC1E600620590 /* ActivityViewController.swift */,
				21D957C71BE284AD00636535 /* ActivityPaceBandTableViewController.swift */,
				21D957C91BE284DD00636535 /* ActivityDetailViewController.swift */,
			);
			name = "View controllers";
			sourceTree = "<group>";
		};
/* End PBXGroup section */

/* Begin PBXNativeTarget section */
		2139752D1BCAF975000A4419 /* Pace */ = {
			isa = PBXNativeTarget;
			buildConfigurationList = 213975591BCAF976000A4419 /* Build configuration list for PBXNativeTarget "Pace" */;
			buildPhases = (
				2139752A1BCAF975000A4419 /* Sources */,
				2139752B1BCAF975000A4419 /* Frameworks */,
				2139752C1BCAF975000A4419 /* Resources */,
				214152E11BDD673B00B999CF /* Embed Watch Content */,
			);
			buildRules = (
			);
			dependencies = (
				214152D81BDD673B00B999CF /* PBXTargetDependency */,
			);
			name = Pace;
			productName = Pace;
			productReference = 2139752E1BCAF975000A4419 /* Pace.app */;
			productType = "com.apple.product-type.application";
		};
		213975441BCAF976000A4419 /* PaceTests */ = {
			isa = PBXNativeTarget;
			buildConfigurationList = 2139755C1BCAF976000A4419 /* Build configuration list for PBXNativeTarget "PaceTests" */;
			buildPhases = (
				213975411BCAF976000A4419 /* Sources */,
				213975421BCAF976000A4419 /* Frameworks */,
				213975431BCAF976000A4419 /* Resources */,
			);
			buildRules = (
			);
			dependencies = (
				213975471BCAF976000A4419 /* PBXTargetDependency */,
			);
			name = PaceTests;
			productName = PaceTests;
			productReference = 213975451BCAF976000A4419 /* PaceTests.xctest */;
			productType = "com.apple.product-type.bundle.unit-test";
		};
		2139754F1BCAF976000A4419 /* PaceUITests */ = {
			isa = PBXNativeTarget;
			buildConfigurationList = 2139755F1BCAF976000A4419 /* Build configuration list for PBXNativeTarget "PaceUITests" */;
			buildPhases = (
				2139754C1BCAF976000A4419 /* Sources */,
				2139754D1BCAF976000A4419 /* Frameworks */,
				2139754E1BCAF976000A4419 /* Resources */,
			);
			buildRules = (
			);
			dependencies = (
				213975521BCAF976000A4419 /* PBXTargetDependency */,
			);
			name = PaceUITests;
			productName = PaceUITests;
			productReference = 213975501BCAF976000A4419 /* PaceUITests.xctest */;
			productType = "com.apple.product-type.bundle.ui-testing";
		};
		214152BE1BDD673B00B999CF /* Watch */ = {
			isa = PBXNativeTarget;
			buildConfigurationList = 214152E01BDD673B00B999CF /* Build configuration list for PBXNativeTarget "Watch" */;
			buildPhases = (
				214152BD1BDD673B00B999CF /* Resources */,
				214152DF1BDD673B00B999CF /* Embed App Extensions */,
			);
			buildRules = (
			);
			dependencies = (
				214152CE1BDD673B00B999CF /* PBXTargetDependency */,
			);
			name = Watch;
			productName = Watch;
			productReference = 214152BF1BDD673B00B999CF /* Watch.app */;
			productType = "com.apple.product-type.application.watchapp2";
		};
		214152CA1BDD673B00B999CF /* Watch Extension */ = {
			isa = PBXNativeTarget;
			buildConfigurationList = 214152DE1BDD673B00B999CF /* Build configuration list for PBXNativeTarget "Watch Extension" */;
			buildPhases = (
				214152C71BDD673B00B999CF /* Sources */,
				214152C81BDD673B00B999CF /* Frameworks */,
				214152C91BDD673B00B999CF /* Resources */,
			);
			buildRules = (
			);
			dependencies = (
			);
			name = "Watch Extension";
			productName = "Watch Extension";
			productReference = 214152CB1BDD673B00B999CF /* Watch Extension.appex */;
			productType = "com.apple.product-type.watchkit2-extension";
		};
/* End PBXNativeTarget section */

/* Begin PBXProject section */
		213975261BCAF975000A4419 /* Project object */ = {
			isa = PBXProject;
			attributes = {
				LastSwiftUpdateCheck = 0710;
				LastUpgradeCheck = 0700;
				ORGANIZATIONNAME = "Davide Bruzzone";
				TargetAttributes = {
					2139752D1BCAF975000A4419 = {
						CreatedOnToolsVersion = 7.0.1;
					};
					213975441BCAF976000A4419 = {
						CreatedOnToolsVersion = 7.0.1;
						TestTargetID = 2139752D1BCAF975000A4419;
					};
					2139754F1BCAF976000A4419 = {
						CreatedOnToolsVersion = 7.0.1;
						TestTargetID = 2139752D1BCAF975000A4419;
					};
					214152BE1BDD673B00B999CF = {
						CreatedOnToolsVersion = 7.1;
					};
					214152CA1BDD673B00B999CF = {
						CreatedOnToolsVersion = 7.1;
					};
				};
			};
			buildConfigurationList = 213975291BCAF975000A4419 /* Build configuration list for PBXProject "Pace" */;
			compatibilityVersion = "Xcode 3.2";
			developmentRegion = English;
			hasScannedForEncodings = 0;
			knownRegions = (
				en,
				Base,
			);
			mainGroup = 213975251BCAF975000A4419;
			productRefGroup = 2139752F1BCAF975000A4419 /* Products */;
			projectDirPath = "";
			projectRoot = "";
			targets = (
				2139752D1BCAF975000A4419 /* Pace */,
				213975441BCAF976000A4419 /* PaceTests */,
				2139754F1BCAF976000A4419 /* PaceUITests */,
				214152BE1BDD673B00B999CF /* Watch */,
				214152CA1BDD673B00B999CF /* Watch Extension */,
			);
		};
/* End PBXProject section */

/* Begin PBXResourcesBuildPhase section */
		2139752C1BCAF975000A4419 /* Resources */ = {
			isa = PBXResourcesBuildPhase;
			buildActionMask = 2147483647;
			files = (
				2139753F1BCAF975000A4419 /* LaunchScreen.storyboard in Resources */,
				2139753C1BCAF975000A4419 /* Assets.xcassets in Resources */,
				213975371BCAF975000A4419 /* Main.storyboard in Resources */,
			);
			runOnlyForDeploymentPostprocessing = 0;
		};
		213975431BCAF976000A4419 /* Resources */ = {
			isa = PBXResourcesBuildPhase;
			buildActionMask = 2147483647;
			files = (
			);
			runOnlyForDeploymentPostprocessing = 0;
		};
		2139754E1BCAF976000A4419 /* Resources */ = {
			isa = PBXResourcesBuildPhase;
			buildActionMask = 2147483647;
			files = (
			);
			runOnlyForDeploymentPostprocessing = 0;
		};
		214152BD1BDD673B00B999CF /* Resources */ = {
			isa = PBXResourcesBuildPhase;
			buildActionMask = 2147483647;
			files = (
				214152C51BDD673B00B999CF /* Assets.xcassets in Resources */,
				214152C31BDD673B00B999CF /* Interface.storyboard in Resources */,
			);
			runOnlyForDeploymentPostprocessing = 0;
		};
		214152C91BDD673B00B999CF /* Resources */ = {
			isa = PBXResourcesBuildPhase;
			buildActionMask = 2147483647;
			files = (
				214152D51BDD673B00B999CF /* Assets.xcassets in Resources */,
			);
			runOnlyForDeploymentPostprocessing = 0;
		};
/* End PBXResourcesBuildPhase section */

/* Begin PBXSourcesBuildPhase section */
		2139752A1BCAF975000A4419 /* Sources */ = {
			isa = PBXSourcesBuildPhase;
			buildActionMask = 2147483647;
			files = (
				218E69561BCD67CD00665BFB /* InitialTableViewController.swift in Sources */,
				213975631BCC3883000A4419 /* LocationManager.swift in Sources */,
				21D957CA1BE284DD00636535 /* ActivityDetailViewController.swift in Sources */,
				213975321BCAF975000A4419 /* AppDelegate.swift in Sources */,
				21EFB1811BCEC1E600620590 /* ActivityViewController.swift in Sources */,
				21D957C81BE284AD00636535 /* ActivityPaceBandTableViewController.swift in Sources */,
				2139753A1BCAF975000A4419 /* Pace.xcdatamodeld in Sources */,
			);
			runOnlyForDeploymentPostprocessing = 0;
		};
		213975411BCAF976000A4419 /* Sources */ = {
			isa = PBXSourcesBuildPhase;
			buildActionMask = 2147483647;
			files = (
				2139754A1BCAF976000A4419 /* PaceTests.swift in Sources */,
			);
			runOnlyForDeploymentPostprocessing = 0;
		};
		2139754C1BCAF976000A4419 /* Sources */ = {
			isa = PBXSourcesBuildPhase;
			buildActionMask = 2147483647;
			files = (
				213975551BCAF976000A4419 /* PaceUITests.swift in Sources */,
			);
			runOnlyForDeploymentPostprocessing = 0;
		};
		214152C71BDD673B00B999CF /* Sources */ = {
			isa = PBXSourcesBuildPhase;
			buildActionMask = 2147483647;
			files = (
				214152D31BDD673B00B999CF /* ExtensionDelegate.swift in Sources */,
				214152D11BDD673B00B999CF /* InterfaceController.swift in Sources */,
			);
			runOnlyForDeploymentPostprocessing = 0;
		};
/* End PBXSourcesBuildPhase section */

/* Begin PBXTargetDependency section */
		213975471BCAF976000A4419 /* PBXTargetDependency */ = {
			isa = PBXTargetDependency;
			target = 2139752D1BCAF975000A4419 /* Pace */;
			targetProxy = 213975461BCAF976000A4419 /* PBXContainerItemProxy */;
		};
		213975521BCAF976000A4419 /* PBXTargetDependency */ = {
			isa = PBXTargetDependency;
			target = 2139752D1BCAF975000A4419 /* Pace */;
			targetProxy = 213975511BCAF976000A4419 /* PBXContainerItemProxy */;
		};
		214152CE1BDD673B00B999CF /* PBXTargetDependency */ = {
			isa = PBXTargetDependency;
			target = 214152CA1BDD673B00B999CF /* Watch Extension */;
			targetProxy = 214152CD1BDD673B00B999CF /* PBXContainerItemProxy */;
		};
		214152D81BDD673B00B999CF /* PBXTargetDependency */ = {
			isa = PBXTargetDependency;
			target = 214152BE1BDD673B00B999CF /* Watch */;
			targetProxy = 214152D71BDD673B00B999CF /* PBXContainerItemProxy */;
		};
/* End PBXTargetDependency section */

/* Begin PBXVariantGroup section */
		213975351BCAF975000A4419 /* Main.storyboard */ = {
			isa = PBXVariantGroup;
			children = (
				213975361BCAF975000A4419 /* Base */,
			);
			name = Main.storyboard;
			sourceTree = "<group>";
		};
		2139753D1BCAF975000A4419 /* LaunchScreen.storyboard */ = {
			isa = PBXVariantGroup;
			children = (
				2139753E1BCAF975000A4419 /* Base */,
			);
			name = LaunchScreen.storyboard;
			sourceTree = "<group>";
		};
		214152C11BDD673B00B999CF /* Interface.storyboard */ = {
			isa = PBXVariantGroup;
			children = (
				214152C21BDD673B00B999CF /* Base */,
			);
			name = Interface.storyboard;
			sourceTree = "<group>";
		};
/* End PBXVariantGroup section */

/* Begin XCBuildConfiguration section */
		213975571BCAF976000A4419 /* Debug */ = {
			isa = XCBuildConfiguration;
			buildSettings = {
				ALWAYS_SEARCH_USER_PATHS = NO;
				CLANG_CXX_LANGUAGE_STANDARD = "gnu++0x";
				CLANG_CXX_LIBRARY = "libc++";
				CLANG_ENABLE_MODULES = YES;
				CLANG_ENABLE_OBJC_ARC = YES;
				CLANG_WARN_BOOL_CONVERSION = YES;
				CLANG_WARN_CONSTANT_CONVERSION = YES;
				CLANG_WARN_DIRECT_OBJC_ISA_USAGE = YES_ERROR;
				CLANG_WARN_EMPTY_BODY = YES;
				CLANG_WARN_ENUM_CONVERSION = YES;
				CLANG_WARN_INT_CONVERSION = YES;
				CLANG_WARN_OBJC_ROOT_CLASS = YES_ERROR;
				CLANG_WARN_UNREACHABLE_CODE = YES;
				CLANG_WARN__DUPLICATE_METHOD_MATCH = YES;
				"CODE_SIGN_IDENTITY[sdk=iphoneos*]" = "iPhone Developer";
				COPY_PHASE_STRIP = NO;
				DEBUG_INFORMATION_FORMAT = dwarf;
				ENABLE_STRICT_OBJC_MSGSEND = YES;
				ENABLE_TESTABILITY = YES;
				GCC_C_LANGUAGE_STANDARD = gnu99;
				GCC_DYNAMIC_NO_PIC = NO;
				GCC_NO_COMMON_BLOCKS = YES;
				GCC_OPTIMIZATION_LEVEL = 0;
				GCC_PREPROCESSOR_DEFINITIONS = (
					"DEBUG=1",
					"$(inherited)",
				);
				GCC_WARN_64_TO_32_BIT_CONVERSION = YES;
				GCC_WARN_ABOUT_RETURN_TYPE = YES_ERROR;
				GCC_WARN_UNDECLARED_SELECTOR = YES;
				GCC_WARN_UNINITIALIZED_AUTOS = YES_AGGRESSIVE;
				GCC_WARN_UNUSED_FUNCTION = YES;
				GCC_WARN_UNUSED_VARIABLE = YES;
				IPHONEOS_DEPLOYMENT_TARGET = 9.0;
				MTL_ENABLE_DEBUG_INFO = YES;
				ONLY_ACTIVE_ARCH = YES;
				SDKROOT = iphoneos;
				SWIFT_OPTIMIZATION_LEVEL = "-Onone";
				TARGETED_DEVICE_FAMILY = "1,2";
			};
			name = Debug;
		};
		213975581BCAF976000A4419 /* Release */ = {
			isa = XCBuildConfiguration;
			buildSettings = {
				ALWAYS_SEARCH_USER_PATHS = NO;
				CLANG_CXX_LANGUAGE_STANDARD = "gnu++0x";
				CLANG_CXX_LIBRARY = "libc++";
				CLANG_ENABLE_MODULES = YES;
				CLANG_ENABLE_OBJC_ARC = YES;
				CLANG_WARN_BOOL_CONVERSION = YES;
				CLANG_WARN_CONSTANT_CONVERSION = YES;
				CLANG_WARN_DIRECT_OBJC_ISA_USAGE = YES_ERROR;
				CLANG_WARN_EMPTY_BODY = YES;
				CLANG_WARN_ENUM_CONVERSION = YES;
				CLANG_WARN_INT_CONVERSION = YES;
				CLANG_WARN_OBJC_ROOT_CLASS = YES_ERROR;
				CLANG_WARN_UNREACHABLE_CODE = YES;
				CLANG_WARN__DUPLICATE_METHOD_MATCH = YES;
				"CODE_SIGN_IDENTITY[sdk=iphoneos*]" = "iPhone Developer";
				COPY_PHASE_STRIP = NO;
				DEBUG_INFORMATION_FORMAT = "dwarf-with-dsym";
				ENABLE_NS_ASSERTIONS = NO;
				ENABLE_STRICT_OBJC_MSGSEND = YES;
				GCC_C_LANGUAGE_STANDARD = gnu99;
				GCC_NO_COMMON_BLOCKS = YES;
				GCC_WARN_64_TO_32_BIT_CONVERSION = YES;
				GCC_WARN_ABOUT_RETURN_TYPE = YES_ERROR;
				GCC_WARN_UNDECLARED_SELECTOR = YES;
				GCC_WARN_UNINITIALIZED_AUTOS = YES_AGGRESSIVE;
				GCC_WARN_UNUSED_FUNCTION = YES;
				GCC_WARN_UNUSED_VARIABLE = YES;
				IPHONEOS_DEPLOYMENT_TARGET = 9.0;
				MTL_ENABLE_DEBUG_INFO = NO;
				SDKROOT = iphoneos;
				TARGETED_DEVICE_FAMILY = "1,2";
				VALIDATE_PRODUCT = YES;
			};
			name = Release;
		};
		2139755A1BCAF976000A4419 /* Debug */ = {
			isa = XCBuildConfiguration;
			buildSettings = {
				ASSETCATALOG_COMPILER_APPICON_NAME = AppIcon;
				INFOPLIST_FILE = Pace/Info.plist;
				LD_RUNPATH_SEARCH_PATHS = "$(inherited) @executable_path/Frameworks";
				PRODUCT_BUNDLE_IDENTIFIER = com.bitwisesamurai.Pace;
				PRODUCT_NAME = "$(TARGET_NAME)";
			};
			name = Debug;
		};
		2139755B1BCAF976000A4419 /* Release */ = {
			isa = XCBuildConfiguration;
			buildSettings = {
				ASSETCATALOG_COMPILER_APPICON_NAME = AppIcon;
				INFOPLIST_FILE = Pace/Info.plist;
				LD_RUNPATH_SEARCH_PATHS = "$(inherited) @executable_path/Frameworks";
				PRODUCT_BUNDLE_IDENTIFIER = com.bitwisesamurai.Pace;
				PRODUCT_NAME = "$(TARGET_NAME)";
			};
			name = Release;
		};
		2139755D1BCAF976000A4419 /* Debug */ = {
			isa = XCBuildConfiguration;
			buildSettings = {
				BUNDLE_LOADER = "$(TEST_HOST)";
				INFOPLIST_FILE = PaceTests/Info.plist;
				LD_RUNPATH_SEARCH_PATHS = "$(inherited) @executable_path/Frameworks @loader_path/Frameworks";
				PRODUCT_BUNDLE_IDENTIFIER = com.bitwisesamurai.PaceTests;
				PRODUCT_NAME = "$(TARGET_NAME)";
				TEST_HOST = "$(BUILT_PRODUCTS_DIR)/Pace.app/Pace";
			};
			name = Debug;
		};
		2139755E1BCAF976000A4419 /* Release */ = {
			isa = XCBuildConfiguration;
			buildSettings = {
				BUNDLE_LOADER = "$(TEST_HOST)";
				INFOPLIST_FILE = PaceTests/Info.plist;
				LD_RUNPATH_SEARCH_PATHS = "$(inherited) @executable_path/Frameworks @loader_path/Frameworks";
				PRODUCT_BUNDLE_IDENTIFIER = com.bitwisesamurai.PaceTests;
				PRODUCT_NAME = "$(TARGET_NAME)";
				TEST_HOST = "$(BUILT_PRODUCTS_DIR)/Pace.app/Pace";
			};
			name = Release;
		};
		213975601BCAF976000A4419 /* Debug */ = {
			isa = XCBuildConfiguration;
			buildSettings = {
				INFOPLIST_FILE = PaceUITests/Info.plist;
				LD_RUNPATH_SEARCH_PATHS = "$(inherited) @executable_path/Frameworks @loader_path/Frameworks";
				PRODUCT_BUNDLE_IDENTIFIER = com.bitwisesamurai.PaceUITests;
				PRODUCT_NAME = "$(TARGET_NAME)";
				TEST_TARGET_NAME = Pace;
				USES_XCTRUNNER = YES;
			};
			name = Debug;
		};
		213975611BCAF976000A4419 /* Release */ = {
			isa = XCBuildConfiguration;
			buildSettings = {
				INFOPLIST_FILE = PaceUITests/Info.plist;
				LD_RUNPATH_SEARCH_PATHS = "$(inherited) @executable_path/Frameworks @loader_path/Frameworks";
				PRODUCT_BUNDLE_IDENTIFIER = com.bitwisesamurai.PaceUITests;
				PRODUCT_NAME = "$(TARGET_NAME)";
				TEST_TARGET_NAME = Pace;
				USES_XCTRUNNER = YES;
			};
			name = Release;
		};
		214152DA1BDD673B00B999CF /* Debug */ = {
			isa = XCBuildConfiguration;
			buildSettings = {
				ASSETCATALOG_COMPILER_APPICON_NAME = AppIcon;
				EMBEDDED_CONTENT_CONTAINS_SWIFT = YES;
				IBSC_MODULE = Watch_Extension;
				INFOPLIST_FILE = Watch/Info.plist;
				PRODUCT_BUNDLE_IDENTIFIER = com.bitwisesamurai.Pace.watchkitapp;
				PRODUCT_NAME = "$(TARGET_NAME)";
				SDKROOT = watchos;
				SKIP_INSTALL = YES;
				TARGETED_DEVICE_FAMILY = 4;
				WATCHOS_DEPLOYMENT_TARGET = 2.0;
			};
			name = Debug;
		};
		214152DB1BDD673B00B999CF /* Release */ = {
			isa = XCBuildConfiguration;
			buildSettings = {
				ASSETCATALOG_COMPILER_APPICON_NAME = AppIcon;
				EMBEDDED_CONTENT_CONTAINS_SWIFT = YES;
				IBSC_MODULE = Watch_Extension;
				INFOPLIST_FILE = Watch/Info.plist;
				PRODUCT_BUNDLE_IDENTIFIER = com.bitwisesamurai.Pace.watchkitapp;
				PRODUCT_NAME = "$(TARGET_NAME)";
				SDKROOT = watchos;
				SKIP_INSTALL = YES;
				TARGETED_DEVICE_FAMILY = 4;
				WATCHOS_DEPLOYMENT_TARGET = 2.0;
			};
			name = Release;
		};
		214152DC1BDD673B00B999CF /* Debug */ = {
			isa = XCBuildConfiguration;
			buildSettings = {
				INFOPLIST_FILE = "Watch Extension/Info.plist";
				LD_RUNPATH_SEARCH_PATHS = "$(inherited) @executable_path/Frameworks @executable_path/../../Frameworks";
				PRODUCT_BUNDLE_IDENTIFIER = com.bitwisesamurai.Pace.watchkitapp.watchkitextension;
				PRODUCT_NAME = "${TARGET_NAME}";
				SDKROOT = watchos;
				SKIP_INSTALL = YES;
				TARGETED_DEVICE_FAMILY = 4;
				WATCHOS_DEPLOYMENT_TARGET = 2.0;
			};
			name = Debug;
		};
		214152DD1BDD673B00B999CF /* Release */ = {
			isa = XCBuildConfiguration;
			buildSettings = {
				INFOPLIST_FILE = "Watch Extension/Info.plist";
				LD_RUNPATH_SEARCH_PATHS = "$(inherited) @executable_path/Frameworks @executable_path/../../Frameworks";
				PRODUCT_BUNDLE_IDENTIFIER = com.bitwisesamurai.Pace.watchkitapp.watchkitextension;
				PRODUCT_NAME = "${TARGET_NAME}";
				SDKROOT = watchos;
				SKIP_INSTALL = YES;
				TARGETED_DEVICE_FAMILY = 4;
				WATCHOS_DEPLOYMENT_TARGET = 2.0;
			};
			name = Release;
		};
/* End XCBuildConfiguration section */

/* Begin XCConfigurationList section */
		213975291BCAF975000A4419 /* Build configuration list for PBXProject "Pace" */ = {
			isa = XCConfigurationList;
			buildConfigurations = (
				213975571BCAF976000A4419 /* Debug */,
				213975581BCAF976000A4419 /* Release */,
			);
			defaultConfigurationIsVisible = 0;
			defaultConfigurationName = Release;
		};
		213975591BCAF976000A4419 /* Build configuration list for PBXNativeTarget "Pace" */ = {
			isa = XCConfigurationList;
			buildConfigurations = (
				2139755A1BCAF976000A4419 /* Debug */,
				2139755B1BCAF976000A4419 /* Release */,
			);
			defaultConfigurationIsVisible = 0;
			defaultConfigurationName = Release;
		};
		2139755C1BCAF976000A4419 /* Build configuration list for PBXNativeTarget "PaceTests" */ = {
			isa = XCConfigurationList;
			buildConfigurations = (
				2139755D1BCAF976000A4419 /* Debug */,
				2139755E1BCAF976000A4419 /* Release */,
			);
			defaultConfigurationIsVisible = 0;
			defaultConfigurationName = Release;
		};
		2139755F1BCAF976000A4419 /* Build configuration list for PBXNativeTarget "PaceUITests" */ = {
			isa = XCConfigurationList;
			buildConfigurations = (
				213975601BCAF976000A4419 /* Debug */,
				213975611BCAF976000A4419 /* Release */,
			);
			defaultConfigurationIsVisible = 0;
			defaultConfigurationName = Release;
		};
		214152DE1BDD673B00B999CF /* Build configuration list for PBXNativeTarget "Watch Extension" */ = {
			isa = XCConfigurationList;
			buildConfigurations = (
				214152DC1BDD673B00B999CF /* Debug */,
				214152DD1BDD673B00B999CF /* Release */,
			);
			defaultConfigurationIsVisible = 0;
			defaultConfigurationName = Release;
		};
		214152E01BDD673B00B999CF /* Build configuration list for PBXNativeTarget "Watch" */ = {
			isa = XCConfigurationList;
			buildConfigurations = (
				214152DA1BDD673B00B999CF /* Debug */,
				214152DB1BDD673B00B999CF /* Release */,
			);
			defaultConfigurationIsVisible = 0;
			defaultConfigurationName = Release;
		};
/* End XCConfigurationList section */

/* Begin XCVersionGroup section */
		213975381BCAF975000A4419 /* Pace.xcdatamodeld */ = {
			isa = XCVersionGroup;
			children = (
				213975391BCAF975000A4419 /* Pace.xcdatamodel */,
			);
			currentVersion = 213975391BCAF975000A4419 /* Pace.xcdatamodel */;
			path = Pace.xcdatamodeld;
			sourceTree = "<group>";
			versionGroupType = wrapper.xcdatamodel;
		};
/* End XCVersionGroup section */
	};
	rootObject = 213975261BCAF975000A4419 /* Project object */;
}
